
Microsoft Visual Studio Solution File, Format Version 12.00
# Visual Studio Version 16
VisualStudioVersion = 16.0.29519.181
MinimumVisualStudioVersion = 10.0.40219.1
Project("{9A19103F-16F7-4668-BE54-9A1E7A4F7556}") = "GrpcServer", "dotnetGRPC\GrpcServer\GrpcServer.csproj", "{E02F2FC4-FF8B-4BD6-B147-7F1D76E91868}"
EndProject
Project("{9A19103F-16F7-4668-BE54-9A1E7A4F7556}") = "BenchmarkApp", "dotnetGRPC\GrpcClient\BenchmarkApp.csproj", "{239EED50-2756-4084-9976-E9C31CC65993}"
EndProject
Project("{FAE04EC0-301F-11D3-BF4B-00C04F79EFBC}") = "RESTServer", "RESTServer\RESTServer.csproj", "{882384A9-3043-40BD-AB3B-83C0A8A09024}"
EndProject
Global
	GlobalSection(SolutionConfigurationPlatforms) = preSolution
		Debug|Any CPU = Debug|Any CPU
		Release|Any CPU = Release|Any CPU
	EndGlobalSection
	GlobalSection(ProjectConfigurationPlatforms) = postSolution
		{E02F2FC4-FF8B-4BD6-B147-7F1D76E91868}.Debug|Any CPU.ActiveCfg = Debug|Any CPU
		{E02F2FC4-FF8B-4BD6-B147-7F1D76E91868}.Debug|Any CPU.Build.0 = Debug|Any CPU
		{E02F2FC4-FF8B-4BD6-B147-7F1D76E91868}.Release|Any CPU.ActiveCfg = Release|Any CPU
		{E02F2FC4-FF8B-4BD6-B147-7F1D76E91868}.Release|Any CPU.Build.0 = Release|Any CPU
		{239EED50-2756-4084-9976-E9C31CC65993}.Debug|Any CPU.ActiveCfg = Debug|Any CPU
		{239EED50-2756-4084-9976-E9C31CC65993}.Debug|Any CPU.Build.0 = Debug|Any CPU
		{239EED50-2756-4084-9976-E9C31CC65993}.Release|Any CPU.ActiveCfg = Release|Any CPU
		{239EED50-2756-4084-9976-E9C31CC65993}.Release|Any CPU.Build.0 = Release|Any CPU
		{882384A9-3043-40BD-AB3B-83C0A8A09024}.Debug|Any CPU.ActiveCfg = Debug|Any CPU
		{882384A9-3043-40BD-AB3B-83C0A8A09024}.Debug|Any CPU.Build.0 = Debug|Any CPU
		{882384A9-3043-40BD-AB3B-83C0A8A09024}.Release|Any CPU.ActiveCfg = Release|Any CPU
		{882384A9-3043-40BD-AB3B-83C0A8A09024}.Release|Any CPU.Build.0 = Release|Any CPU
	EndGlobalSection
	GlobalSection(SolutionProperties) = preSolution
		HideSolutionNode = FALSE
	EndGlobalSection
	GlobalSection(ExtensibilityGlobals) = postSolution
		SolutionGuid = {D00D86FA-1586-47BF-8E42-71BE8FA2FB95}
	EndGlobalSection
EndGlobal
